
Microsoft Visual Studio Solution File, Format Version 12.00
# Visual Studio Version 16
VisualStudioVersion = 16.0.31515.178
MinimumVisualStudioVersion = 10.0.40219.1
Project("{FAE04EC0-301F-11D3-BF4B-00C04F79EFBC}") = "DotNetCoreCRUD", "DotNetCoreCRUD\DotNetCoreCRUD.csproj", "{728D580E-AF90-43EB-A807-7F165A7C1E47}"
EndProject
Global
	GlobalSection(SolutionConfigurationPlatforms) = preSolution
		Debug|Any CPU = Debug|Any CPU
		Release|Any CPU = Release|Any CPU
	EndGlobalSection
	GlobalSection(ProjectConfigurationPlatforms) = postSolution
		{728D580E-AF90-43EB-A807-7F165A7C1E47}.Debug|Any CPU.ActiveCfg = Debug|Any CPU
		{728D580E-AF90-43EB-A807-7F165A7C1E47}.Debug|Any CPU.Build.0 = Debug|Any CPU
		{728D580E-AF90-43EB-A807-7F165A7C1E47}.Release|Any CPU.ActiveCfg = Release|Any CPU
		{728D580E-AF90-43EB-A807-7F165A7C1E47}.Release|Any CPU.Build.0 = Release|Any CPU
	EndGlobalSection
	GlobalSection(SolutionProperties) = preSolution
		HideSolutionNode = FALSE
	EndGlobalSection
	GlobalSection(ExtensibilityGlobals) = postSolution
		SolutionGuid = {54D2DE51-936C-4C33-AAFC-4D430AD01EC4}
	EndGlobalSection
EndGlobal
